// !$*UTF8*$!
{
	archiveVersion = 1;
	classes = {
	};
	objectVersion = 46;
	objects = {

/* Begin PBXBuildFile section */
		CF555E061B196C960094BFCD /* main.m in Sources */ = {isa = PBXBuildFile; fileRef = CF555E051B196C960094BFCD /* main.m */; };
		CF555E091B196C960094BFCD /* AppDelegate.m in Sources */ = {isa = PBXBuildFile; fileRef = CF555E081B196C960094BFCD /* AppDelegate.m */; };
		CF555E0C1B196C960094BFCD /* ViewController.m in Sources */ = {isa = PBXBuildFile; fileRef = CF555E0B1B196C960094BFCD /* ViewController.m */; };
		CF555E0F1B196C960094BFCD /* Main.storyboard in Resources */ = {isa = PBXBuildFile; fileRef = CF555E0D1B196C960094BFCD /* Main.storyboard */; };
		CF555E111B196C960094BFCD /* Images.xcassets in Resources */ = {isa = PBXBuildFile; fileRef = CF555E101B196C960094BFCD /* Images.xcassets */; };
		CF555E141B196C960094BFCD /* LaunchScreen.xib in Resources */ = {isa = PBXBuildFile; fileRef = CF555E121B196C960094BFCD /* LaunchScreen.xib */; };
		CF555E201B196C960094BFCD /* VWWVideoFiltersTests.m in Sources */ = {isa = PBXBuildFile; fileRef = CF555E1F1B196C960094BFCD /* VWWVideoFiltersTests.m */; };
		CF555E381B196CFF0094BFCD /* FiltersTableViewController.m in Sources */ = {isa = PBXBuildFile; fileRef = CF555E371B196CFE0094BFCD /* FiltersTableViewController.m */; };
		CF555E391B196F210094BFCD /* libGPUImage.a in Frameworks */ = {isa = PBXBuildFile; fileRef = CF555E301B196CC20094BFCD /* libGPUImage.a */; };
/* End PBXBuildFile section */

/* Begin PBXContainerItemProxy section */
		CF555E1A1B196C960094BFCD /* PBXContainerItemProxy */ = {
			isa = PBXContainerItemProxy;
			containerPortal = CF555DF81B196C960094BFCD /* Project object */;
			proxyType = 1;
			remoteGlobalIDString = CF555DFF1B196C960094BFCD;
			remoteInfo = VWWVideoFilters;
		};
		CF555E2F1B196CC20094BFCD /* PBXContainerItemProxy */ = {
			isa = PBXContainerItemProxy;
			containerPortal = CF555E291B196CC20094BFCD /* GPUImage.xcodeproj */;
			proxyType = 2;
			remoteGlobalIDString = BCF1A33414DDB1EC00852800;
			remoteInfo = GPUImage;
		};
		CF555E311B196CC20094BFCD /* PBXContainerItemProxy */ = {
			isa = PBXContainerItemProxy;
			containerPortal = CF555E291B196CC20094BFCD /* GPUImage.xcodeproj */;
			proxyType = 2;
			remoteGlobalIDString = BCE209E51943F20C002FEED8;
			remoteInfo = GPUImageFramework;
		};
		CF555E331B196CD00094BFCD /* PBXContainerItemProxy */ = {
			isa = PBXContainerItemProxy;
			containerPortal = CF555E291B196CC20094BFCD /* GPUImage.xcodeproj */;
			proxyType = 1;
			remoteGlobalIDString = BCF1A33314DDB1EC00852800;
			remoteInfo = GPUImage;
		};
/* End PBXContainerItemProxy section */

/* Begin PBXFileReference section */
		CF555E001B196C960094BFCD /* VWWVideoFilters.app */ = {isa = PBXFileReference; explicitFileType = wrapper.application; includeInIndex = 0; path = VWWVideoFilters.app; sourceTree = BUILT_PRODUCTS_DIR; };
		CF555E041B196C960094BFCD /* Info.plist */ = {isa = PBXFileReference; lastKnownFileType = text.plist.xml; path = Info.plist; sourceTree = "<group>"; };
		CF555E051B196C960094BFCD /* main.m */ = {isa = PBXFileReference; lastKnownFileType = sourcecode.c.objc; path = main.m; sourceTree = "<group>"; };
		CF555E071B196C960094BFCD /* AppDelegate.h */ = {isa = PBXFileReference; lastKnownFileType = sourcecode.c.h; path = AppDelegate.h; sourceTree = "<group>"; };
		CF555E081B196C960094BFCD /* AppDelegate.m */ = {isa = PBXFileReference; lastKnownFileType = sourcecode.c.objc; path = AppDelegate.m; sourceTree = "<group>"; };
		CF555E0A1B196C960094BFCD /* ViewController.h */ = {isa = PBXFileReference; lastKnownFileType = sourcecode.c.h; path = ViewController.h; sourceTree = "<group>"; };
		CF555E0B1B196C960094BFCD /* ViewController.m */ = {isa = PBXFileReference; lastKnownFileType = sourcecode.c.objc; path = ViewController.m; sourceTree = "<group>"; };
		CF555E0E1B196C960094BFCD /* Base */ = {isa = PBXFileReference; lastKnownFileType = file.storyboard; name = Base; path = Base.lproj/Main.storyboard; sourceTree = "<group>"; };
		CF555E101B196C960094BFCD /* Images.xcassets */ = {isa = PBXFileReference; lastKnownFileType = folder.assetcatalog; path = Images.xcassets; sourceTree = "<group>"; };
		CF555E131B196C960094BFCD /* Base */ = {isa = PBXFileReference; lastKnownFileType = file.xib; name = Base; path = Base.lproj/LaunchScreen.xib; sourceTree = "<group>"; };
		CF555E191B196C960094BFCD /* VWWVideoFiltersTests.xctest */ = {isa = PBXFileReference; explicitFileType = wrapper.cfbundle; includeInIndex = 0; path = VWWVideoFiltersTests.xctest; sourceTree = BUILT_PRODUCTS_DIR; };
		CF555E1E1B196C960094BFCD /* Info.plist */ = {isa = PBXFileReference; lastKnownFileType = text.plist.xml; path = Info.plist; sourceTree = "<group>"; };
		CF555E1F1B196C960094BFCD /* VWWVideoFiltersTests.m */ = {isa = PBXFileReference; lastKnownFileType = sourcecode.c.objc; path = VWWVideoFiltersTests.m; sourceTree = "<group>"; };
		CF555E291B196CC20094BFCD /* GPUImage.xcodeproj */ = {isa = PBXFileReference; lastKnownFileType = "wrapper.pb-project"; name = GPUImage.xcodeproj; path = GPUImage/GPUImage.xcodeproj; sourceTree = "<group>"; };
		CF555E361B196CFE0094BFCD /* FiltersTableViewController.h */ = {isa = PBXFileReference; fileEncoding = 4; lastKnownFileType = sourcecode.c.h; path = FiltersTableViewController.h; sourceTree = "<group>"; };
		CF555E371B196CFE0094BFCD /* FiltersTableViewController.m */ = {isa = PBXFileReference; fileEncoding = 4; lastKnownFileType = sourcecode.c.objc; path = FiltersTableViewController.m; sourceTree = "<group>"; };
/* End PBXFileReference section */

/* Begin PBXFrameworksBuildPhase section */
		CF555DFD1B196C960094BFCD /* Frameworks */ = {
			isa = PBXFrameworksBuildPhase;
			buildActionMask = 2147483647;
			files = (
				CF555E391B196F210094BFCD /* libGPUImage.a in Frameworks */,
			);
			runOnlyForDeploymentPostprocessing = 0;
		};
		CF555E161B196C960094BFCD /* Frameworks */ = {
			isa = PBXFrameworksBuildPhase;
			buildActionMask = 2147483647;
			files = (
			);
			runOnlyForDeploymentPostprocessing = 0;
		};
/* End PBXFrameworksBuildPhase section */

/* Begin PBXGroup section */
		CF555DF71B196C960094BFCD = {
			isa = PBXGroup;
			children = (
				CF555E291B196CC20094BFCD /* GPUImage.xcodeproj */,
				CF555E021B196C960094BFCD /* VWWVideoFilters */,
				CF555E1C1B196C960094BFCD /* VWWVideoFiltersTests */,
				CF555E011B196C960094BFCD /* Products */,
			);
			sourceTree = "<group>";
		};
		CF555E011B196C960094BFCD /* Products */ = {
			isa = PBXGroup;
			children = (
				CF555E001B196C960094BFCD /* VWWVideoFilters.app */,
				CF555E191B196C960094BFCD /* VWWVideoFiltersTests.xctest */,
			);
			name = Products;
			sourceTree = "<group>";
		};
		CF555E021B196C960094BFCD /* VWWVideoFilters */ = {
			isa = PBXGroup;
			children = (
				CF555E071B196C960094BFCD /* AppDelegate.h */,
				CF555E081B196C960094BFCD /* AppDelegate.m */,
				CF555E0A1B196C960094BFCD /* ViewController.h */,
				CF555E0B1B196C960094BFCD /* ViewController.m */,
				CF555E0D1B196C960094BFCD /* Main.storyboard */,
				CF555E101B196C960094BFCD /* Images.xcassets */,
				CF555E121B196C960094BFCD /* LaunchScreen.xib */,
				CF555E031B196C960094BFCD /* Supporting Files */,
				CF555E361B196CFE0094BFCD /* FiltersTableViewController.h */,
				CF555E371B196CFE0094BFCD /* FiltersTableViewController.m */,
			);
			path = VWWVideoFilters;
			sourceTree = "<group>";
		};
		CF555E031B196C960094BFCD /* Supporting Files */ = {
			isa = PBXGroup;
			children = (
				CF555E041B196C960094BFCD /* Info.plist */,
				CF555E051B196C960094BFCD /* main.m */,
			);
			name = "Supporting Files";
			sourceTree = "<group>";
		};
		CF555E1C1B196C960094BFCD /* VWWVideoFiltersTests */ = {
			isa = PBXGroup;
			children = (
				CF555E1F1B196C960094BFCD /* VWWVideoFiltersTests.m */,
				CF555E1D1B196C960094BFCD /* Supporting Files */,
			);
			path = VWWVideoFiltersTests;
			sourceTree = "<group>";
		};
		CF555E1D1B196C960094BFCD /* Supporting Files */ = {
			isa = PBXGroup;
			children = (
				CF555E1E1B196C960094BFCD /* Info.plist */,
			);
			name = "Supporting Files";
			sourceTree = "<group>";
		};
		CF555E2A1B196CC20094BFCD /* Products */ = {
			isa = PBXGroup;
			children = (
				CF555E301B196CC20094BFCD /* libGPUImage.a */,
				CF555E321B196CC20094BFCD /* GPUImage.framework */,
			);
			name = Products;
			sourceTree = "<group>";
		};
/* End PBXGroup section */

/* Begin PBXNativeTarget section */
		CF555DFF1B196C960094BFCD /* VWWVideoFilters */ = {
			isa = PBXNativeTarget;
			buildConfigurationList = CF555E231B196C960094BFCD /* Build configuration list for PBXNativeTarget "VWWVideoFilters" */;
			buildPhases = (
				CF555DFC1B196C960094BFCD /* Sources */,
				CF555DFD1B196C960094BFCD /* Frameworks */,
				CF555DFE1B196C960094BFCD /* Resources */,
			);
			buildRules = (
			);
			dependencies = (
				CF555E341B196CD00094BFCD /* PBXTargetDependency */,
			);
			name = VWWVideoFilters;
			productName = VWWVideoFilters;
			productReference = CF555E001B196C960094BFCD /* VWWVideoFilters.app */;
			productType = "com.apple.product-type.application";
		};
		CF555E181B196C960094BFCD /* VWWVideoFiltersTests */ = {
			isa = PBXNativeTarget;
			buildConfigurationList = CF555E261B196C960094BFCD /* Build configuration list for PBXNativeTarget "VWWVideoFiltersTests" */;
			buildPhases = (
				CF555E151B196C960094BFCD /* Sources */,
				CF555E161B196C960094BFCD /* Frameworks */,
				CF555E171B196C960094BFCD /* Resources */,
			);
			buildRules = (
			);
			dependencies = (
				CF555E1B1B196C960094BFCD /* PBXTargetDependency */,
			);
			name = VWWVideoFiltersTests;
			productName = VWWVideoFiltersTests;
			productReference = CF555E191B196C960094BFCD /* VWWVideoFiltersTests.xctest */;
			productType = "com.apple.product-type.bundle.unit-test";
		};
/* End PBXNativeTarget section */

/* Begin PBXProject section */
		CF555DF81B196C960094BFCD /* Project object */ = {
			isa = PBXProject;
			attributes = {
				LastUpgradeCheck = 0630;
				ORGANIZATIONNAME = "Zakk Hoyt";
				TargetAttributes = {
					CF555DFF1B196C960094BFCD = {
						CreatedOnToolsVersion = 6.3.2;
					};
					CF555E181B196C960094BFCD = {
						CreatedOnToolsVersion = 6.3.2;
						TestTargetID = CF555DFF1B196C960094BFCD;
					};
				};
			};
			buildConfigurationList = CF555DFB1B196C960094BFCD /* Build configuration list for PBXProject "VWWVideoFilters" */;
			compatibilityVersion = "Xcode 3.2";
			developmentRegion = English;
			hasScannedForEncodings = 0;
			knownRegions = (
				en,
				Base,
			);
			mainGroup = CF555DF71B196C960094BFCD;
			productRefGroup = CF555E011B196C960094BFCD /* Products */;
			projectDirPath = "";
			projectReferences = (
				{
					ProductGroup = CF555E2A1B196CC20094BFCD /* Products */;
					ProjectRef = CF555E291B196CC20094BFCD /* GPUImage.xcodeproj */;
				},
			);
			projectRoot = "";
			targets = (
				CF555DFF1B196C960094BFCD /* VWWVideoFilters */,
				CF555E181B196C960094BFCD /* VWWVideoFiltersTests */,
			);
		};
/* End PBXProject section */

/* Begin PBXReferenceProxy section */
		CF555E301B196CC20094BFCD /* libGPUImage.a */ = {
			isa = PBXReferenceProxy;
			fileType = archive.ar;
			path = libGPUImage.a;
			remoteRef = CF555E2F1B196CC20094BFCD /* PBXContainerItemProxy */;
			sourceTree = BUILT_PRODUCTS_DIR;
		};
		CF555E321B196CC20094BFCD /* GPUImage.framework */ = {
			isa = PBXReferenceProxy;
			fileType = wrapper.framework;
			path = GPUImage.framework;
			remoteRef = CF555E311B196CC20094BFCD /* PBXContainerItemProxy */;
			sourceTree = BUILT_PRODUCTS_DIR;
		};
/* End PBXReferenceProxy section */

/* Begin PBXResourcesBuildPhase section */
		CF555DFE1B196C960094BFCD /* Resources */ = {
			isa = PBXResourcesBuildPhase;
			buildActionMask = 2147483647;
			files = (
				CF555E0F1B196C960094BFCD /* Main.storyboard in Resources */,
				CF555E141B196C960094BFCD /* LaunchScreen.xib in Resources */,
				CF555E111B196C960094BFCD /* Images.xcassets in Resources */,
			);
			runOnlyForDeploymentPostprocessing = 0;
		};
		CF555E171B196C960094BFCD /* Resources */ = {
			isa = PBXResourcesBuildPhase;
			buildActionMask = 2147483647;
			files = (
			);
			runOnlyForDeploymentPostprocessing = 0;
		};
/* End PBXResourcesBuildPhase section */

/* Begin PBXSourcesBuildPhase section */
		CF555DFC1B196C960094BFCD /* Sources */ = {
			isa = PBXSourcesBuildPhase;
			buildActionMask = 2147483647;
			files = (
				CF555E0C1B196C960094BFCD /* ViewController.m in Sources */,
				CF555E091B196C960094BFCD /* AppDelegate.m in Sources */,
				CF555E061B196C960094BFCD /* main.m in Sources */,
				CF555E381B196CFF0094BFCD /* FiltersTableViewController.m in Sources */,
			);
			runOnlyForDeploymentPostprocessing = 0;
		};
		CF555E151B196C960094BFCD /* Sources */ = {
			isa = PBXSourcesBuildPhase;
			buildActionMask = 2147483647;
			files = (
				CF555E201B196C960094BFCD /* VWWVideoFiltersTests.m in Sources */,
			);
			runOnlyForDeploymentPostprocessing = 0;
		};
/* End PBXSourcesBuildPhase section */

/* Begin PBXTargetDependency section */
		CF555E1B1B196C960094BFCD /* PBXTargetDependency */ = {
			isa = PBXTargetDependency;
			target = CF555DFF1B196C960094BFCD /* VWWVideoFilters */;
			targetProxy = CF555E1A1B196C960094BFCD /* PBXContainerItemProxy */;
		};
		CF555E341B196CD00094BFCD /* PBXTargetDependency */ = {
			isa = PBXTargetDependency;
			name = GPUImage;
			targetProxy = CF555E331B196CD00094BFCD /* PBXContainerItemProxy */;
		};
/* End PBXTargetDependency section */

/* Begin PBXVariantGroup section */
		CF555E0D1B196C960094BFCD /* Main.storyboard */ = {
			isa = PBXVariantGroup;
			children = (
				CF555E0E1B196C960094BFCD /* Base */,
			);
			name = Main.storyboard;
			sourceTree = "<group>";
		};
		CF555E121B196C960094BFCD /* LaunchScreen.xib */ = {
			isa = PBXVariantGroup;
			children = (
				CF555E131B196C960094BFCD /* Base */,
			);
			name = LaunchScreen.xib;
			sourceTree = "<group>";
		};
/* End PBXVariantGroup section */

/* Begin XCBuildConfiguration section */
		CF555E211B196C960094BFCD /* Debug */ = {
			isa = XCBuildConfiguration;
			buildSettings = {
				ALWAYS_SEARCH_USER_PATHS = NO;
				CLANG_CXX_LANGUAGE_STANDARD = "gnu++0x";
				CLANG_CXX_LIBRARY = "libc++";
				CLANG_ENABLE_MODULES = YES;
				CLANG_ENABLE_OBJC_ARC = YES;
				CLANG_WARN_BOOL_CONVERSION = YES;
				CLANG_WARN_CONSTANT_CONVERSION = YES;
				CLANG_WARN_DIRECT_OBJC_ISA_USAGE = YES_ERROR;
				CLANG_WARN_EMPTY_BODY = YES;
				CLANG_WARN_ENUM_CONVERSION = YES;
				CLANG_WARN_INT_CONVERSION = YES;
				CLANG_WARN_OBJC_ROOT_CLASS = YES_ERROR;
				CLANG_WARN_UNREACHABLE_CODE = YES;
				CLANG_WARN__DUPLICATE_METHOD_MATCH = YES;
				"CODE_SIGN_IDENTITY[sdk=iphoneos*]" = "iPhone Developer";
				COPY_PHASE_STRIP = NO;
				DEBUG_INFORMATION_FORMAT = "dwarf-with-dsym";
				ENABLE_STRICT_OBJC_MSGSEND = YES;
				GCC_C_LANGUAGE_STANDARD = gnu99;
				GCC_DYNAMIC_NO_PIC = NO;
				GCC_NO_COMMON_BLOCKS = YES;
				GCC_OPTIMIZATION_LEVEL = 0;
				GCC_PREPROCESSOR_DEFINITIONS = (
					"DEBUG=1",
					"$(inherited)",
				);
				GCC_SYMBOLS_PRIVATE_EXTERN = NO;
				GCC_WARN_64_TO_32_BIT_CONVERSION = YES;
				GCC_WARN_ABOUT_RETURN_TYPE = YES_ERROR;
				GCC_WARN_UNDECLARED_SELECTOR = YES;
				GCC_WARN_UNINITIALIZED_AUTOS = YES_AGGRESSIVE;
				GCC_WARN_UNUSED_FUNCTION = YES;
				GCC_WARN_UNUSED_VARIABLE = YES;
				IPHONEOS_DEPLOYMENT_TARGET = 8.0;
				MTL_ENABLE_DEBUG_INFO = YES;
				ONLY_ACTIVE_ARCH = YES;
				SDKROOT = iphoneos;
				TARGETED_DEVICE_FAMILY = "1,2";
			};
			name = Debug;
		};
		CF555E221B196C960094BFCD /* Release */ = {
			isa = XCBuildConfiguration;
			buildSettings = {
				ALWAYS_SEARCH_USER_PATHS = NO;
				CLANG_CXX_LANGUAGE_STANDARD = "gnu++0x";
				CLANG_CXX_LIBRARY = "libc++";
				CLANG_ENABLE_MODULES = YES;
				CLANG_ENABLE_OBJC_ARC = YES;
				CLANG_WARN_BOOL_CONVERSION = YES;
				CLANG_WARN_CONSTANT_CONVERSION = YES;
				CLANG_WARN_DIRECT_OBJC_ISA_USAGE = YES_ERROR;
				CLANG_WARN_EMPTY_BODY = YES;
				CLANG_WARN_ENUM_CONVERSION = YES;
				CLANG_WARN_INT_CONVERSION = YES;
				CLANG_WARN_OBJC_ROOT_CLASS = YES_ERROR;
				CLANG_WARN_UNREACHABLE_CODE = YES;
				CLANG_WARN__DUPLICATE_METHOD_MATCH = YES;
				"CODE_SIGN_IDENTITY[sdk=iphoneos*]" = "iPhone Developer";
				COPY_PHASE_STRIP = NO;
				DEBUG_INFORMATION_FORMAT = "dwarf-with-dsym";
				ENABLE_NS_ASSERTIONS = NO;
				ENABLE_STRICT_OBJC_MSGSEND = YES;
				GCC_C_LANGUAGE_STANDARD = gnu99;
				GCC_NO_COMMON_BLOCKS = YES;
				GCC_WARN_64_TO_32_BIT_CONVERSION = YES;
				GCC_WARN_ABOUT_RETURN_TYPE = YES_ERROR;
				GCC_WARN_UNDECLARED_SELECTOR = YES;
				GCC_WARN_UNINITIALIZED_AUTOS = YES_AGGRESSIVE;
				GCC_WARN_UNUSED_FUNCTION = YES;
				GCC_WARN_UNUSED_VARIABLE = YES;
				IPHONEOS_DEPLOYMENT_TARGET = 8.0;
				MTL_ENABLE_DEBUG_INFO = NO;
				SDKROOT = iphoneos;
				TARGETED_DEVICE_FAMILY = "1,2";
				VALIDATE_PRODUCT = YES;
			};
			name = Release;
		};
		CF555E241B196C960094BFCD /* Debug */ = {
			isa = XCBuildConfiguration;
			buildSettings = {
				ASSETCATALOG_COMPILER_APPICON_NAME = AppIcon;
				HEADER_SEARCH_PATHS = (
					"$(inherited)",
					/Applications/Xcode.app/Contents/Developer/Toolchains/XcodeDefault.xctoolchain/usr/include,
					"GPUImage/**",
				);
				INFOPLIST_FILE = VWWVideoFilters/Info.plist;
				IPHONEOS_DEPLOYMENT_TARGET = 8.0;
				LD_RUNPATH_SEARCH_PATHS = "$(inherited) @executable_path/Frameworks";
				PRODUCT_NAME = "$(TARGET_NAME)";
			};
			name = Debug;
		};
		CF555E251B196C960094BFCD /* Release */ = {
			isa = XCBuildConfiguration;
			buildSettings = {
				ASSETCATALOG_COMPILER_APPICON_NAME = AppIcon;
				HEADER_SEARCH_PATHS = (
					"$(inherited)",
					/Applications/Xcode.app/Contents/Developer/Toolchains/XcodeDefault.xctoolchain/usr/include,
					"GPUImage/**",
				);
				INFOPLIST_FILE = VWWVideoFilters/Info.plist;
				IPHONEOS_DEPLOYMENT_TARGET = 8.0;
				LD_RUNPATH_SEARCH_PATHS = "$(inherited) @executable_path/Frameworks";
				PRODUCT_NAME = "$(TARGET_NAME)";
			};
			name = Release;
		};
		CF555E271B196C960094BFCD /* Debug */ = {
			isa = XCBuildConfiguration;
			buildSettings = {
				BUNDLE_LOADER = "$(TEST_HOST)";
				FRAMEWORK_SEARCH_PATHS = (
					"$(SDKROOT)/Developer/Library/Frameworks",
					"$(inherited)",
				);
				GCC_PREPROCESSOR_DEFINITIONS = (
					"DEBUG=1",
					"$(inherited)",
				);
				INFOPLIST_FILE = VWWVideoFiltersTests/Info.plist;
				LD_RUNPATH_SEARCH_PATHS = "$(inherited) @executable_path/Frameworks @loader_path/Frameworks";
				PRODUCT_NAME = "$(TARGET_NAME)";
				TEST_HOST = "$(BUILT_PRODUCTS_DIR)/VWWVideoFilters.app/VWWVideoFilters";
			};
			name = Debug;
		};
		CF555E281B196C960094BFCD /* Release */ = {
			isa = XCBuildConfiguration;
			buildSettings = {
				BUNDLE_LOADER = "$(TEST_HOST)";
				FRAMEWORK_SEARCH_PATHS = (
					"$(SDKROOT)/Developer/Library/Frameworks",
					"$(inherited)",
				);
				INFOPLIST_FILE = VWWVideoFiltersTests/Info.plist;
				LD_RUNPATH_SEARCH_PATHS = "$(inherited) @executable_path/Frameworks @loader_path/Frameworks";
				PRODUCT_NAME = "$(TARGET_NAME)";
				TEST_HOST = "$(BUILT_PRODUCTS_DIR)/VWWVideoFilters.app/VWWVideoFilters";
			};
			name = Release;
		};
/* End XCBuildConfiguration section */

/* Begin XCConfigurationList section */
		CF555DFB1B196C960094BFCD /* Build configuration list for PBXProject "VWWVideoFilters" */ = {
			isa = XCConfigurationList;
			buildConfigurations = (
				CF555E211B196C960094BFCD /* Debug */,
				CF555E221B196C960094BFCD /* Release */,
			);
			defaultConfigurationIsVisible = 0;
			defaultConfigurationName = Release;
		};
		CF555E231B196C960094BFCD /* Build configuration list for PBXNativeTarget "VWWVideoFilters" */ = {
			isa = XCConfigurationList;
			buildConfigurations = (
				CF555E241B196C960094BFCD /* Debug */,
				CF555E251B196C960094BFCD /* Release */,
			);
			defaultConfigurationIsVisible = 0;
		};
		CF555E261B196C960094BFCD /* Build configuration list for PBXNativeTarget "VWWVideoFiltersTests" */ = {
			isa = XCConfigurationList;
			buildConfigurations = (
				CF555E271B196C960094BFCD /* Debug */,
				CF555E281B196C960094BFCD /* Release */,
			);
			defaultConfigurationIsVisible = 0;
		};
/* End XCConfigurationList section */
	};
	rootObject = CF555DF81B196C960094BFCD /* Project object */;
}
